// !$*UTF8*$!
{
	archiveVersion = 1;
	classes = {
	};
	objectVersion = 56;
	objects = {

/* Begin PBXBuildFile section */
		63122BF52BDEC53B0042C3AA /* Kingfisher in Frameworks */ = {isa = PBXBuildFile; productRef = 63122BF42BDEC53B0042C3AA /* Kingfisher */; };
		6340B2832BDB95A8002E3B8A /* AppDelegate.swift in Sources */ = {isa = PBXBuildFile; fileRef = 6340B2822BDB95A8002E3B8A /* AppDelegate.swift */; };
		6340B2852BDB95A8002E3B8A /* SceneDelegate.swift in Sources */ = {isa = PBXBuildFile; fileRef = 6340B2842BDB95A8002E3B8A /* SceneDelegate.swift */; };
		6340B28A2BDB95A8002E3B8A /* Main.storyboard in Resources */ = {isa = PBXBuildFile; fileRef = 6340B2882BDB95A8002E3B8A /* Main.storyboard */; };
		6340B28F2BDB95AA002E3B8A /* Assets.xcassets in Resources */ = {isa = PBXBuildFile; fileRef = 6340B28E2BDB95AA002E3B8A /* Assets.xcassets */; };
		6340B2922BDB95AA002E3B8A /* LaunchScreen.storyboard in Resources */ = {isa = PBXBuildFile; fileRef = 6340B2902BDB95AA002E3B8A /* LaunchScreen.storyboard */; };
		6340B2A12BDB96A1002E3B8A /* Game.swift in Sources */ = {isa = PBXBuildFile; fileRef = 6340B2A02BDB96A1002E3B8A /* Game.swift */; };
		6340B2A32BDB96B9002E3B8A /* GameDetails.swift in Sources */ = {isa = PBXBuildFile; fileRef = 6340B2A22BDB96B9002E3B8A /* GameDetails.swift */; };
		6340B2A52BDB96D9002E3B8A /* FavoritesCell.swift in Sources */ = {isa = PBXBuildFile; fileRef = 6340B2A42BDB96D9002E3B8A /* FavoritesCell.swift */; };
		6340B2A72BDB96E7002E3B8A /* GameCell.swift in Sources */ = {isa = PBXBuildFile; fileRef = 6340B2A62BDB96E7002E3B8A /* GameCell.swift */; };
		6340B2A92BDB9700002E3B8A /* TopGameCell.swift in Sources */ = {isa = PBXBuildFile; fileRef = 6340B2A82BDB9700002E3B8A /* TopGameCell.swift */; };
		6340B2AB2BDB9723002E3B8A /* HomeVC.swift in Sources */ = {isa = PBXBuildFile; fileRef = 6340B2AA2BDB9723002E3B8A /* HomeVC.swift */; };
		6340B2AD2BDB973B002E3B8A /* DetailsVC.swift in Sources */ = {isa = PBXBuildFile; fileRef = 6340B2AC2BDB973B002E3B8A /* DetailsVC.swift */; };
		6340B2AF2BDB9784002E3B8A /* FavoritesVC.swift in Sources */ = {isa = PBXBuildFile; fileRef = 6340B2AE2BDB9784002E3B8A /* FavoritesVC.swift */; };
		6340B2B62BDBBBF5002E3B8A /* VideoGamesList.xcdatamodeld in Sources */ = {isa = PBXBuildFile; fileRef = 6340B2B42BDBBBF5002E3B8A /* VideoGamesList.xcdatamodeld */; };
/* End PBXBuildFile section */

/* Begin PBXFileReference section */
		63122BFC2BDF15630042C3AA /* README.md */ = {isa = PBXFileReference; lastKnownFileType = net.daringfireball.markdown; path = README.md; sourceTree = "<group>"; };
		6340B27F2BDB95A8002E3B8A /* VideoGamesList.app */ = {isa = PBXFileReference; explicitFileType = wrapper.application; includeInIndex = 0; path = VideoGamesList.app; sourceTree = BUILT_PRODUCTS_DIR; };
		6340B2822BDB95A8002E3B8A /* AppDelegate.swift */ = {isa = PBXFileReference; lastKnownFileType = sourcecode.swift; path = AppDelegate.swift; sourceTree = "<group>"; };
		6340B2842BDB95A8002E3B8A /* SceneDelegate.swift */ = {isa = PBXFileReference; lastKnownFileType = sourcecode.swift; path = SceneDelegate.swift; sourceTree = "<group>"; };
		6340B2892BDB95A8002E3B8A /* Base */ = {isa = PBXFileReference; lastKnownFileType = file.storyboard; name = Base; path = Base.lproj/Main.storyboard; sourceTree = "<group>"; };
		6340B28E2BDB95AA002E3B8A /* Assets.xcassets */ = {isa = PBXFileReference; lastKnownFileType = folder.assetcatalog; path = Assets.xcassets; sourceTree = "<group>"; };
		6340B2912BDB95AA002E3B8A /* Base */ = {isa = PBXFileReference; lastKnownFileType = file.storyboard; name = Base; path = Base.lproj/LaunchScreen.storyboard; sourceTree = "<group>"; };
		6340B2932BDB95AA002E3B8A /* Info.plist */ = {isa = PBXFileReference; lastKnownFileType = text.plist.xml; path = Info.plist; sourceTree = "<group>"; };
		6340B2A02BDB96A1002E3B8A /* Game.swift */ = {isa = PBXFileReference; lastKnownFileType = sourcecode.swift; path = Game.swift; sourceTree = "<group>"; };
		6340B2A22BDB96B9002E3B8A /* GameDetails.swift */ = {isa = PBXFileReference; lastKnownFileType = sourcecode.swift; path = GameDetails.swift; sourceTree = "<group>"; };
		6340B2A42BDB96D9002E3B8A /* FavoritesCell.swift */ = {isa = PBXFileReference; lastKnownFileType = sourcecode.swift; path = FavoritesCell.swift; sourceTree = "<group>"; };
		6340B2A62BDB96E7002E3B8A /* GameCell.swift */ = {isa = PBXFileReference; lastKnownFileType = sourcecode.swift; path = GameCell.swift; sourceTree = "<group>"; };
		6340B2A82BDB9700002E3B8A /* TopGameCell.swift */ = {isa = PBXFileReference; lastKnownFileType = sourcecode.swift; path = TopGameCell.swift; sourceTree = "<group>"; };
		6340B2AA2BDB9723002E3B8A /* HomeVC.swift */ = {isa = PBXFileReference; lastKnownFileType = sourcecode.swift; path = HomeVC.swift; sourceTree = "<group>"; };
		6340B2AC2BDB973B002E3B8A /* DetailsVC.swift */ = {isa = PBXFileReference; lastKnownFileType = sourcecode.swift; path = DetailsVC.swift; sourceTree = "<group>"; };
		6340B2AE2BDB9784002E3B8A /* FavoritesVC.swift */ = {isa = PBXFileReference; lastKnownFileType = sourcecode.swift; path = FavoritesVC.swift; sourceTree = "<group>"; };
		6340B2B52BDBBBF5002E3B8A /* VideoGamesList.xcdatamodel */ = {isa = PBXFileReference; lastKnownFileType = wrapper.xcdatamodel; path = VideoGamesList.xcdatamodel; sourceTree = "<group>"; };
/* End PBXFileReference section */

/* Begin PBXFrameworksBuildPhase section */
		6340B27C2BDB95A8002E3B8A /* Frameworks */ = {
			isa = PBXFrameworksBuildPhase;
			buildActionMask = 2147483647;
			files = (
				63122BF52BDEC53B0042C3AA /* Kingfisher in Frameworks */,
			);
			runOnlyForDeploymentPostprocessing = 0;
		};
/* End PBXFrameworksBuildPhase section */

/* Begin PBXGroup section */
		6340B2762BDB95A8002E3B8A = {
			isa = PBXGroup;
			children = (
				63122BFC2BDF15630042C3AA /* README.md */,
				6340B2812BDB95A8002E3B8A /* VideoGamesList */,
				6340B2802BDB95A8002E3B8A /* Products */,
			);
			sourceTree = "<group>";
		};
		6340B2802BDB95A8002E3B8A /* Products */ = {
			isa = PBXGroup;
			children = (
				6340B27F2BDB95A8002E3B8A /* VideoGamesList.app */,
			);
			name = Products;
			sourceTree = "<group>";
		};
		6340B2812BDB95A8002E3B8A /* VideoGamesList */ = {
			isa = PBXGroup;
			children = (
				6340B29D2BDB966C002E3B8A /* Data Manager */,
				6340B29C2BDB9664002E3B8A /* Model */,
				6340B29A2BDB9652002E3B8A /* Cell */,
				6340B2992BDB9643002E3B8A /* View Controller */,
				6340B2822BDB95A8002E3B8A /* AppDelegate.swift */,
				6340B2842BDB95A8002E3B8A /* SceneDelegate.swift */,
				6340B2882BDB95A8002E3B8A /* Main.storyboard */,
				6340B28E2BDB95AA002E3B8A /* Assets.xcassets */,
				6340B2902BDB95AA002E3B8A /* LaunchScreen.storyboard */,
				6340B2932BDB95AA002E3B8A /* Info.plist */,
				6340B2B42BDBBBF5002E3B8A /* VideoGamesList.xcdatamodeld */,
			);
			path = VideoGamesList;
			sourceTree = "<group>";
		};
		6340B2992BDB9643002E3B8A /* View Controller */ = {
			isa = PBXGroup;
			children = (
				6340B2AA2BDB9723002E3B8A /* HomeVC.swift */,
				6340B2AC2BDB973B002E3B8A /* DetailsVC.swift */,
				6340B2AE2BDB9784002E3B8A /* FavoritesVC.swift */,
			);
			path = "View Controller";
			sourceTree = "<group>";
		};
		6340B29A2BDB9652002E3B8A /* Cell */ = {
			isa = PBXGroup;
			children = (
				6340B2A42BDB96D9002E3B8A /* FavoritesCell.swift */,
				6340B2A62BDB96E7002E3B8A /* GameCell.swift */,
				6340B2A82BDB9700002E3B8A /* TopGameCell.swift */,
			);
			path = Cell;
			sourceTree = "<group>";
		};
		6340B29C2BDB9664002E3B8A /* Model */ = {
			isa = PBXGroup;
			children = (
				6340B2A02BDB96A1002E3B8A /* Game.swift */,
				6340B2A22BDB96B9002E3B8A /* GameDetails.swift */,
			);
			path = Model;
			sourceTree = "<group>";
		};
		6340B29D2BDB966C002E3B8A /* Data Manager */ = {
			isa = PBXGroup;
			children = (
			);
			path = "Data Manager";
			sourceTree = "<group>";
		};
/* End PBXGroup section */

/* Begin PBXNativeTarget section */
		6340B27E2BDB95A8002E3B8A /* VideoGamesList */ = {
			isa = PBXNativeTarget;
			buildConfigurationList = 6340B2962BDB95AA002E3B8A /* Build configuration list for PBXNativeTarget "VideoGamesList" */;
			buildPhases = (
				6340B27B2BDB95A8002E3B8A /* Sources */,
				6340B27C2BDB95A8002E3B8A /* Frameworks */,
				6340B27D2BDB95A8002E3B8A /* Resources */,
			);
			buildRules = (
			);
			dependencies = (
			);
			name = VideoGamesList;
			packageProductDependencies = (
				63122BF42BDEC53B0042C3AA /* Kingfisher */,
			);
			productName = VideoGamesList;
			productReference = 6340B27F2BDB95A8002E3B8A /* VideoGamesList.app */;
			productType = "com.apple.product-type.application";
		};
/* End PBXNativeTarget section */

/* Begin PBXProject section */
		6340B2772BDB95A8002E3B8A /* Project object */ = {
			isa = PBXProject;
			attributes = {
				BuildIndependentTargetsInParallel = 1;
				LastSwiftUpdateCheck = 1520;
				LastUpgradeCheck = 1520;
				TargetAttributes = {
					6340B27E2BDB95A8002E3B8A = {
						CreatedOnToolsVersion = 15.2;
					};
				};
			};
			buildConfigurationList = 6340B27A2BDB95A8002E3B8A /* Build configuration list for PBXProject "VideoGamesList" */;
			compatibilityVersion = "Xcode 14.0";
			developmentRegion = en;
			hasScannedForEncodings = 0;
			knownRegions = (
				en,
				Base,
			);
			mainGroup = 6340B2762BDB95A8002E3B8A;
			packageReferences = (
				63122BF32BDEC53B0042C3AA /* XCRemoteSwiftPackageReference "Kingfisher" */,
			);
			productRefGroup = 6340B2802BDB95A8002E3B8A /* Products */;
			projectDirPath = "";
			projectRoot = "";
			targets = (
				6340B27E2BDB95A8002E3B8A /* VideoGamesList */,
			);
		};
/* End PBXProject section */

/* Begin PBXResourcesBuildPhase section */
		6340B27D2BDB95A8002E3B8A /* Resources */ = {
			isa = PBXResourcesBuildPhase;
			buildActionMask = 2147483647;
			files = (
				6340B2922BDB95AA002E3B8A /* LaunchScreen.storyboard in Resources */,
				6340B28F2BDB95AA002E3B8A /* Assets.xcassets in Resources */,
				6340B28A2BDB95A8002E3B8A /* Main.storyboard in Resources */,
			);
			runOnlyForDeploymentPostprocessing = 0;
		};
/* End PBXResourcesBuildPhase section */

/* Begin PBXSourcesBuildPhase section */
		6340B27B2BDB95A8002E3B8A /* Sources */ = {
			isa = PBXSourcesBuildPhase;
			buildActionMask = 2147483647;
			files = (
				6340B2AD2BDB973B002E3B8A /* DetailsVC.swift in Sources */,
				6340B2A52BDB96D9002E3B8A /* FavoritesCell.swift in Sources */,
				6340B2A72BDB96E7002E3B8A /* GameCell.swift in Sources */,
				6340B2A12BDB96A1002E3B8A /* Game.swift in Sources */,
				6340B2AF2BDB9784002E3B8A /* FavoritesVC.swift in Sources */,
				6340B2832BDB95A8002E3B8A /* AppDelegate.swift in Sources */,
				6340B2852BDB95A8002E3B8A /* SceneDelegate.swift in Sources */,
				6340B2A92BDB9700002E3B8A /* TopGameCell.swift in Sources */,
				6340B2A32BDB96B9002E3B8A /* GameDetails.swift in Sources */,
				6340B2B62BDBBBF5002E3B8A /* VideoGamesList.xcdatamodeld in Sources */,
				6340B2AB2BDB9723002E3B8A /* HomeVC.swift in Sources */,
			);
			runOnlyForDeploymentPostprocessing = 0;
		};
/* End PBXSourcesBuildPhase section */

/* Begin PBXVariantGroup section */
		6340B2882BDB95A8002E3B8A /* Main.storyboard */ = {
			isa = PBXVariantGroup;
			children = (
				6340B2892BDB95A8002E3B8A /* Base */,
			);
			name = Main.storyboard;
			sourceTree = "<group>";
		};
		6340B2902BDB95AA002E3B8A /* LaunchScreen.storyboard */ = {
			isa = PBXVariantGroup;
			children = (
				6340B2912BDB95AA002E3B8A /* Base */,
			);
			name = LaunchScreen.storyboard;
			sourceTree = "<group>";
		};
/* End PBXVariantGroup section */

/* Begin XCBuildConfiguration section */
		6340B2942BDB95AA002E3B8A /* Debug */ = {
			isa = XCBuildConfiguration;
			buildSettings = {
				ALWAYS_SEARCH_USER_PATHS = NO;
				ASSETCATALOG_COMPILER_GENERATE_SWIFT_ASSET_SYMBOL_EXTENSIONS = YES;
				CLANG_ANALYZER_NONNULL = YES;
				CLANG_ANALYZER_NUMBER_OBJECT_CONVERSION = YES_AGGRESSIVE;
				CLANG_CXX_LANGUAGE_STANDARD = "gnu++20";
				CLANG_ENABLE_MODULES = YES;
				CLANG_ENABLE_OBJC_ARC = YES;
				CLANG_ENABLE_OBJC_WEAK = YES;
				CLANG_WARN_BLOCK_CAPTURE_AUTORELEASING = YES;
				CLANG_WARN_BOOL_CONVERSION = YES;
				CLANG_WARN_COMMA = YES;
				CLANG_WARN_CONSTANT_CONVERSION = YES;
				CLANG_WARN_DEPRECATED_OBJC_IMPLEMENTATIONS = YES;
				CLANG_WARN_DIRECT_OBJC_ISA_USAGE = YES_ERROR;
				CLANG_WARN_DOCUMENTATION_COMMENTS = YES;
				CLANG_WARN_EMPTY_BODY = YES;
				CLANG_WARN_ENUM_CONVERSION = YES;
				CLANG_WARN_INFINITE_RECURSION = YES;
				CLANG_WARN_INT_CONVERSION = YES;
				CLANG_WARN_NON_LITERAL_NULL_CONVERSION = YES;
				CLANG_WARN_OBJC_IMPLICIT_RETAIN_SELF = YES;
				CLANG_WARN_OBJC_LITERAL_CONVERSION = YES;
				CLANG_WARN_OBJC_ROOT_CLASS = YES_ERROR;
				CLANG_WARN_QUOTED_INCLUDE_IN_FRAMEWORK_HEADER = YES;
				CLANG_WARN_RANGE_LOOP_ANALYSIS = YES;
				CLANG_WARN_STRICT_PROTOTYPES = YES;
				CLANG_WARN_SUSPICIOUS_MOVE = YES;
				CLANG_WARN_UNGUARDED_AVAILABILITY = YES_AGGRESSIVE;
				CLANG_WARN_UNREACHABLE_CODE = YES;
				CLANG_WARN__DUPLICATE_METHOD_MATCH = YES;
				COPY_PHASE_STRIP = NO;
				DEBUG_INFORMATION_FORMAT = dwarf;
				ENABLE_STRICT_OBJC_MSGSEND = YES;
				ENABLE_TESTABILITY = YES;
				ENABLE_USER_SCRIPT_SANDBOXING = YES;
				GCC_C_LANGUAGE_STANDARD = gnu17;
				GCC_DYNAMIC_NO_PIC = NO;
				GCC_NO_COMMON_BLOCKS = YES;
				GCC_OPTIMIZATION_LEVEL = 0;
				GCC_PREPROCESSOR_DEFINITIONS = (
					"DEBUG=1",
					"$(inherited)",
				);
				GCC_WARN_64_TO_32_BIT_CONVERSION = YES;
				GCC_WARN_ABOUT_RETURN_TYPE = YES_ERROR;
				GCC_WARN_UNDECLARED_SELECTOR = YES;
				GCC_WARN_UNINITIALIZED_AUTOS = YES_AGGRESSIVE;
				GCC_WARN_UNUSED_FUNCTION = YES;
				GCC_WARN_UNUSED_VARIABLE = YES;
				IPHONEOS_DEPLOYMENT_TARGET = 17.2;
				LOCALIZATION_PREFERS_STRING_CATALOGS = YES;
				MTL_ENABLE_DEBUG_INFO = INCLUDE_SOURCE;
				MTL_FAST_MATH = YES;
				ONLY_ACTIVE_ARCH = YES;
				SDKROOT = iphoneos;
				SWIFT_ACTIVE_COMPILATION_CONDITIONS = "DEBUG $(inherited)";
				SWIFT_OPTIMIZATION_LEVEL = "-Onone";
			};
			name = Debug;
		};
		6340B2952BDB95AA002E3B8A /* Release */ = {
			isa = XCBuildConfiguration;
			buildSettings = {
				ALWAYS_SEARCH_USER_PATHS = NO;
				ASSETCATALOG_COMPILER_GENERATE_SWIFT_ASSET_SYMBOL_EXTENSIONS = YES;
				CLANG_ANALYZER_NONNULL = YES;
				CLANG_ANALYZER_NUMBER_OBJECT_CONVERSION = YES_AGGRESSIVE;
				CLANG_CXX_LANGUAGE_STANDARD = "gnu++20";
				CLANG_ENABLE_MODULES = YES;
				CLANG_ENABLE_OBJC_ARC = YES;
				CLANG_ENABLE_OBJC_WEAK = YES;
				CLANG_WARN_BLOCK_CAPTURE_AUTORELEASING = YES;
				CLANG_WARN_BOOL_CONVERSION = YES;
				CLANG_WARN_COMMA = YES;
				CLANG_WARN_CONSTANT_CONVERSION = YES;
				CLANG_WARN_DEPRECATED_OBJC_IMPLEMENTATIONS = YES;
				CLANG_WARN_DIRECT_OBJC_ISA_USAGE = YES_ERROR;
				CLANG_WARN_DOCUMENTATION_COMMENTS = YES;
				CLANG_WARN_EMPTY_BODY = YES;
				CLANG_WARN_ENUM_CONVERSION = YES;
				CLANG_WARN_INFINITE_RECURSION = YES;
				CLANG_WARN_INT_CONVERSION = YES;
				CLANG_WARN_NON_LITERAL_NULL_CONVERSION = YES;
				CLANG_WARN_OBJC_IMPLICIT_RETAIN_SELF = YES;
				CLANG_WARN_OBJC_LITERAL_CONVERSION = YES;
				CLANG_WARN_OBJC_ROOT_CLASS = YES_ERROR;
				CLANG_WARN_QUOTED_INCLUDE_IN_FRAMEWORK_HEADER = YES;
				CLANG_WARN_RANGE_LOOP_ANALYSIS = YES;
				CLANG_WARN_STRICT_PROTOTYPES = YES;
				CLANG_WARN_SUSPICIOUS_MOVE = YES;
				CLANG_WARN_UNGUARDED_AVAILABILITY = YES_AGGRESSIVE;
				CLANG_WARN_UNREACHABLE_CODE = YES;
				CLANG_WARN__DUPLICATE_METHOD_MATCH = YES;
				COPY_PHASE_STRIP = NO;
				DEBUG_INFORMATION_FORMAT = "dwarf-with-dsym";
				ENABLE_NS_ASSERTIONS = NO;
				ENABLE_STRICT_OBJC_MSGSEND = YES;
				ENABLE_USER_SCRIPT_SANDBOXING = YES;
				GCC_C_LANGUAGE_STANDARD = gnu17;
				GCC_NO_COMMON_BLOCKS = YES;
				GCC_WARN_64_TO_32_BIT_CONVERSION = YES;
				GCC_WARN_ABOUT_RETURN_TYPE = YES_ERROR;
				GCC_WARN_UNDECLARED_SELECTOR = YES;
				GCC_WARN_UNINITIALIZED_AUTOS = YES_AGGRESSIVE;
				GCC_WARN_UNUSED_FUNCTION = YES;
				GCC_WARN_UNUSED_VARIABLE = YES;
				IPHONEOS_DEPLOYMENT_TARGET = 17.2;
				LOCALIZATION_PREFERS_STRING_CATALOGS = YES;
				MTL_ENABLE_DEBUG_INFO = NO;
				MTL_FAST_MATH = YES;
				SDKROOT = iphoneos;
				SWIFT_COMPILATION_MODE = wholemodule;
				VALIDATE_PRODUCT = YES;
			};
			name = Release;
		};
		6340B2972BDB95AA002E3B8A /* Debug */ = {
			isa = XCBuildConfiguration;
			buildSettings = {
				ASSETCATALOG_COMPILER_APPICON_NAME = AppIcon;
				ASSETCATALOG_COMPILER_GLOBAL_ACCENT_COLOR_NAME = AccentColor;
				CODE_SIGN_STYLE = Automatic;
				CURRENT_PROJECT_VERSION = 1;
				DEVELOPMENT_TEAM = 58F4KP6536;
				GENERATE_INFOPLIST_FILE = YES;
				INFOPLIST_FILE = VideoGamesList/Info.plist;
				INFOPLIST_KEY_UIApplicationSupportsIndirectInputEvents = YES;
				INFOPLIST_KEY_UILaunchStoryboardName = LaunchScreen;
				INFOPLIST_KEY_UIMainStoryboardFile = Main;
				INFOPLIST_KEY_UISupportedInterfaceOrientations_iPad = "UIInterfaceOrientationPortrait UIInterfaceOrientationPortraitUpsideDown UIInterfaceOrientationLandscapeLeft UIInterfaceOrientationLandscapeRight";
				INFOPLIST_KEY_UISupportedInterfaceOrientations_iPhone = "UIInterfaceOrientationPortrait UIInterfaceOrientationLandscapeLeft UIInterfaceOrientationLandscapeRight";
				IPHONEOS_DEPLOYMENT_TARGET = 17.2;
				LD_RUNPATH_SEARCH_PATHS = (
					"$(inherited)",
					"@executable_path/Frameworks",
				);
				MARKETING_VERSION = 1.0;
				PRODUCT_BUNDLE_IDENTIFIER = com.umutbrkee.VideoGamesList;
				PRODUCT_NAME = "$(TARGET_NAME)";
				SWIFT_EMIT_LOC_STRINGS = YES;
				SWIFT_VERSION = 5.0;
				TARGETED_DEVICE_FAMILY = "1,2";
			};
			name = Debug;
		};
		6340B2982BDB95AA002E3B8A /* Release */ = {
			isa = XCBuildConfiguration;
			buildSettings = {
				ASSETCATALOG_COMPILER_APPICON_NAME = AppIcon;
				ASSETCATALOG_COMPILER_GLOBAL_ACCENT_COLOR_NAME = AccentColor;
				CODE_SIGN_STYLE = Automatic;
				CURRENT_PROJECT_VERSION = 1;
				DEVELOPMENT_TEAM = 58F4KP6536;
				GENERATE_INFOPLIST_FILE = YES;
				INFOPLIST_FILE = VideoGamesList/Info.plist;
				INFOPLIST_KEY_UIApplicationSupportsIndirectInputEvents = YES;
				INFOPLIST_KEY_UILaunchStoryboardName = LaunchScreen;
				INFOPLIST_KEY_UIMainStoryboardFile = Main;
				INFOPLIST_KEY_UISupportedInterfaceOrientations_iPad = "UIInterfaceOrientationPortrait UIInterfaceOrientationPortraitUpsideDown UIInterfaceOrientationLandscapeLeft UIInterfaceOrientationLandscapeRight";
				INFOPLIST_KEY_UISupportedInterfaceOrientations_iPhone = "UIInterfaceOrientationPortrait UIInterfaceOrientationLandscapeLeft UIInterfaceOrientationLandscapeRight";
				IPHONEOS_DEPLOYMENT_TARGET = 17.2;
				LD_RUNPATH_SEARCH_PATHS = (
					"$(inherited)",
					"@executable_path/Frameworks",
				);
				MARKETING_VERSION = 1.0;
				PRODUCT_BUNDLE_IDENTIFIER = com.umutbrkee.VideoGamesList;
				PRODUCT_NAME = "$(TARGET_NAME)";
				SWIFT_EMIT_LOC_STRINGS = YES;
				SWIFT_VERSION = 5.0;
				TARGETED_DEVICE_FAMILY = "1,2";
			};
			name = Release;
		};
/* End XCBuildConfiguration section */

/* Begin XCConfigurationList section */
		6340B27A2BDB95A8002E3B8A /* Build configuration list for PBXProject "VideoGamesList" */ = {
			isa = XCConfigurationList;
			buildConfigurations = (
				6340B2942BDB95AA002E3B8A /* Debug */,
				6340B2952BDB95AA002E3B8A /* Release */,
			);
			defaultConfigurationIsVisible = 0;
			defaultConfigurationName = Release;
		};
		6340B2962BDB95AA002E3B8A /* Build configuration list for PBXNativeTarget "VideoGamesList" */ = {
			isa = XCConfigurationList;
			buildConfigurations = (
				6340B2972BDB95AA002E3B8A /* Debug */,
				6340B2982BDB95AA002E3B8A /* Release */,
			);
			defaultConfigurationIsVisible = 0;
			defaultConfigurationName = Release;
		};
/* End XCConfigurationList section */

/* Begin XCRemoteSwiftPackageReference section */
		63122BF32BDEC53B0042C3AA /* XCRemoteSwiftPackageReference "Kingfisher" */ = {
			isa = XCRemoteSwiftPackageReference;
			repositoryURL = "https://github.com/onevcat/Kingfisher";
			requirement = {
				kind = upToNextMajorVersion;
				minimumVersion = 7.11.0;
			};
		};
/* End XCRemoteSwiftPackageReference section */

/* Begin XCSwiftPackageProductDependency section */
		63122BF42BDEC53B0042C3AA /* Kingfisher */ = {
			isa = XCSwiftPackageProductDependency;
			package = 63122BF32BDEC53B0042C3AA /* XCRemoteSwiftPackageReference "Kingfisher" */;
			productName = Kingfisher;
		};
/* End XCSwiftPackageProductDependency section */

/* Begin XCVersionGroup section */
		6340B2B42BDBBBF5002E3B8A /* VideoGamesList.xcdatamodeld */ = {
			isa = XCVersionGroup;
			children = (
				6340B2B52BDBBBF5002E3B8A /* VideoGamesList.xcdatamodel */,
			);
			currentVersion = 6340B2B52BDBBBF5002E3B8A /* VideoGamesList.xcdatamodel */;
			path = VideoGamesList.xcdatamodeld;
			sourceTree = "<group>";
			versionGroupType = wrapper.xcdatamodel;
		};
/* End XCVersionGroup section */
	};
	rootObject = 6340B2772BDB95A8002E3B8A /* Project object */;
}
